
Microsoft Visual Studio Solution File, Format Version 12.00
# Visual Studio Version 16
VisualStudioVersion = 16.0.30804.86
MinimumVisualStudioVersion = 10.0.40219.1
Project("{FAE04EC0-301F-11D3-BF4B-00C04F79EFBC}") = "DataAccess", "DataAccess\DataAccess.csproj", "{976B1965-2966-46DB-AE0D-DAF56AE46D39}"
EndProject
Project("{FAE04EC0-301F-11D3-BF4B-00C04F79EFBC}") = "Business", "Business\Business.csproj", "{2A4C6FF8-1845-48C4-B7F4-1F026B652F9A}"
EndProject
Project("{FAE04EC0-301F-11D3-BF4B-00C04F79EFBC}") = "Entities", "Entities\Entities.csproj", "{811E03D4-1348-48D2-9093-CF75927B3E3C}"
EndProject
Project("{FAE04EC0-301F-11D3-BF4B-00C04F79EFBC}") = "ConsoleUI", "ConsoleUI\ConsoleUI.csproj", "{F6A17F97-8D6F-4940-9EAA-886B00C646F5}"
EndProject
Global
	GlobalSection(SolutionConfigurationPlatforms) = preSolution
		Debug|Any CPU = Debug|Any CPU
		Release|Any CPU = Release|Any CPU
	EndGlobalSection
	GlobalSection(ProjectConfigurationPlatforms) = postSolution
		{976B1965-2966-46DB-AE0D-DAF56AE46D39}.Debug|Any CPU.ActiveCfg = Debug|Any CPU
		{976B1965-2966-46DB-AE0D-DAF56AE46D39}.Debug|Any CPU.Build.0 = Debug|Any CPU
		{976B1965-2966-46DB-AE0D-DAF56AE46D39}.Release|Any CPU.ActiveCfg = Release|Any CPU
		{976B1965-2966-46DB-AE0D-DAF56AE46D39}.Release|Any CPU.Build.0 = Release|Any CPU
		{2A4C6FF8-1845-48C4-B7F4-1F026B652F9A}.Debug|Any CPU.ActiveCfg = Debug|Any CPU
		{2A4C6FF8-1845-48C4-B7F4-1F026B652F9A}.Debug|Any CPU.Build.0 = Debug|Any CPU
		{2A4C6FF8-1845-48C4-B7F4-1F026B652F9A}.Release|Any CPU.ActiveCfg = Release|Any CPU
		{2A4C6FF8-1845-48C4-B7F4-1F026B652F9A}.Release|Any CPU.Build.0 = Release|Any CPU
		{811E03D4-1348-48D2-9093-CF75927B3E3C}.Debug|Any CPU.ActiveCfg = Debug|Any CPU
		{811E03D4-1348-48D2-9093-CF75927B3E3C}.Debug|Any CPU.Build.0 = Debug|Any CPU
		{811E03D4-1348-48D2-9093-CF75927B3E3C}.Release|Any CPU.ActiveCfg = Release|Any CPU
		{811E03D4-1348-48D2-9093-CF75927B3E3C}.Release|Any CPU.Build.0 = Release|Any CPU
		{F6A17F97-8D6F-4940-9EAA-886B00C646F5}.Debug|Any CPU.ActiveCfg = Debug|Any CPU
		{F6A17F97-8D6F-4940-9EAA-886B00C646F5}.Debug|Any CPU.Build.0 = Debug|Any CPU
		{F6A17F97-8D6F-4940-9EAA-886B00C646F5}.Release|Any CPU.ActiveCfg = Release|Any CPU
		{F6A17F97-8D6F-4940-9EAA-886B00C646F5}.Release|Any CPU.Build.0 = Release|Any CPU
	EndGlobalSection
	GlobalSection(SolutionProperties) = preSolution
		HideSolutionNode = FALSE
	EndGlobalSection
	GlobalSection(ExtensibilityGlobals) = postSolution
		SolutionGuid = {CD413EB7-5AD5-44F9-A27E-8FE2A65750E0}
	EndGlobalSection
EndGlobal
